
Microsoft Visual Studio Solution File, Format Version 12.00
# Visual Studio Version 17
VisualStudioVersion = 17.14.36414.22
MinimumVisualStudioVersion = 10.0.40219.1
Project("{FAE04EC0-301F-11D3-BF4B-00C04F79EFBC}") = "RastgeleSayiToplamApp", "RastgeleSayiToplamApp.csproj", "{066D45A0-275A-48FD-B3FB-DB3711739882}"
EndProject
Global
	GlobalSection(SolutionConfigurationPlatforms) = preSolution
		Debug|Any CPU = Debug|Any CPU
		Release|Any CPU = Release|Any CPU
	EndGlobalSection
	GlobalSection(ProjectConfigurationPlatforms) = postSolution
		{066D45A0-275A-48FD-B3FB-DB3711739882}.Debug|Any CPU.ActiveCfg = Debug|Any CPU
		{066D45A0-275A-48FD-B3FB-DB3711739882}.Debug|Any CPU.Build.0 = Debug|Any CPU
		{066D45A0-275A-48FD-B3FB-DB3711739882}.Release|Any CPU.ActiveCfg = Release|Any CPU
		{066D45A0-275A-48FD-B3FB-DB3711739882}.Release|Any CPU.Build.0 = Release|Any CPU
	EndGlobalSection
	GlobalSection(SolutionProperties) = preSolution
		HideSolutionNode = FALSE
	EndGlobalSection
	GlobalSection(ExtensibilityGlobals) = postSolution
		SolutionGuid = {DC852142-4982-4702-A2D4-25D5045DB704}
	EndGlobalSection
EndGlobal
